{
    "_meta": {
        "hash": {
            "sha256": "6ca58308dae6b18ff567dd1d82f3f81d633456a1697db1ebbd13928b87cc9e89"
        },
        "pipfile-spec": 6,
        "requires": {
            "python_version": "3.6"
        },
        "sources": [
            {
                "name": "pypi",
                "url": "https://pypi.python.org/simple",
                "verify_ssl": true
            }
        ]
    },
    "default": {
        "beautifulsoup4": {
            "hashes": [
                "sha256:11a9a27b7d3bddc6d86f59fb76afb70e921a25ac2d6cc55b40d072bd68435a76",
                "sha256:7015e76bf32f1f574636c4288399a6de66ce08fb7b2457f628a8d70c0fbabb11",
                "sha256:808b6ac932dccb0a4126558f7dfdcf41710dd44a4ef497a0bb59a77f9f078e89"
            ],
            "index": "pypi",
            "version": "==4.6.0"
        },
        "bleach": {
            "hashes": [
                "sha256:760a9368002180fb8a0f4ea48dc6275378e6f311c39d0236d7b904fca1f5ea0d",
                "sha256:7a316eac1eef1e98b9813636ebe05878aab1a658d2708047fb00fe2bcbc49f84"
            ],
            "index": "pypi",
            "version": "==2.1.1"
        },
        "certifi": {
            "hashes": [
                "sha256:f4318671072f030a33c7ca6acaef720ddd50ff124d1388e50c1bda4cbd6d7010",
                "sha256:f7527ebf7461582ce95f7a9e03dd141ce810d40590834f4ec20cddd54234c10a"
            ],
            "index": "pypi",
            "version": "==2017.4.17"
        },
        "chardet": {
            "hashes": [
                "sha256:84ab92ed1c4d4f16916e05906b6b75a6c0fb5db821cc65e70cbd64a3e2a5eaae",
                "sha256:fc323ffcaeaed0e0a02bf4d117757b98aed530d9ed4531e3e15460124c106691"
            ],
            "index": "pypi",
            "version": "==3.0.4"
        },
        "click": {
            "hashes": [
                "sha256:29f99fc6125fbc931b758dc053b3114e55c77a6e4c6c3a2674a2dc986016381d",
                "sha256:f15516df478d5a56180fbf80e68f206010e6d160fc39fa508b65e035fd75130b"
            ],
            "index": "pypi",
            "version": "==6.7"
        },
        "dj-database-url": {
            "hashes": [
                "sha256:a6832d8445ee9d788c5baa48aef8130bf61fdc442f7d9a548424d25cd85c9f08",
                "sha256:e16d94c382ea0564c48038fa7fe8d9c890ef1ab1a8ec4cb48e732c124b9482fd"
            ],
            "index": "pypi",
            "version": "==0.4.2"
        },
        "django": {
            "hashes": [
                "sha256:9ef9de0a957245ed3a29c4162ed2fd493252ca249a755f9e2b4a9be82caf8f6b",
                "sha256:c69e0c0416f2376b677830304d4c5fa8793b9c815af77be659a3c50d1f46c2e6"
            ],
            "index": "pypi",
            "version": "==1.11.3"
        },
        "django-modelcluster": {
            "hashes": [
                "sha256:9edde7fb87b413c1114df47f928e95fbd6878de17f9f2caeea90e77766e272b5"
            ],
            "index": "pypi",
            "version": "==3.1"
        },
        "django-settings-export": {
            "hashes": [
                "sha256:fceeae49fc597f654c1217415d8e049fc81c930b7154f5d8f28c432db738ff79"
            ],
            "index": "pypi",
            "version": "==1.2.1"
        },
        "django-taggit": {
            "hashes": [
                "sha256:87eeae942a2db48bf6e78c081e29d863d8aeab7430427bea3f08b46e801a5191",
                "sha256:969a68dc244fd3051589b6b917e26777cdf186f95dd51bf2f023f5446e2ca89e"
            ],
            "index": "pypi",
            "version": "==0.22.1"
        },
        "django-treebeard": {
            "hashes": [
                "sha256:a11bb3dfc60004adda12a4e2e2fd1f691b36d7aa302604542926d5d2209687fd"
            ],
            "index": "pypi",
            "version": "==4.1.2"
        },
        "django-webpack-loader": {
            "hashes": [
                "sha256:0a8536e36a30d719018cd4c5da6e9d2377771134e713c14e617bb484b4f0acce",
                "sha256:7094bcd8cc40c9824e5b482ce8ff9e8ae09e1982e5d08e078e5fe2411fb40a03"
            ],
            "index": "pypi",
            "version": "==0.5.0"
        },
        "djangorestframework": {
            "hashes": [
                "sha256:6aa6aafdfb7f6152a401873ecae93aff9eb54d7a74266065347cf4de68278ae4",
                "sha256:bb9d55997a71fb1c844cd84c15cbe2e87d2ec8493a685f96aa3db403760626b7"
            ],
            "index": "pypi",
            "version": "==3.6.3"
        },
        "factory-boy": {
            "hashes": [
                "sha256:246f7da9caf9bf855aaa73b4963353ccb147fdd3adcbc419fa29422c5b69dd4c",
                "sha256:a6644e391a371be603aca8624f3dedbc5a2aa4622878c20494ba17abb4b171bb"
            ],
            "index": "pypi",
            "version": "==2.8.1"
        },
        "faker": {
            "hashes": [
                "sha256:1236c6dd61d1914d4972a1a1ffd3dba989f37d81b4ecb27c66fd2d241cfbf220",
                "sha256:49cba0c3df3dac4fe5cf22d1a5799683c572172b9a0e94ec318e359339648a58"
            ],
            "index": "pypi",
            "version": "==0.7.17"
        },
        "first": {
            "hashes": [
                "sha256:3bb3de3582cb27071cfb514f00ed784dc444b7f96dc21e140de65fe00585c95e",
                "sha256:41d5b64e70507d0c3ca742d68010a76060eea8a3d863e9b5130ab11a4a91aa0e"
            ],
            "index": "pypi",
            "version": "==2.0.1"
        },
        "gunicorn": {
            "hashes": [
                "sha256:75af03c99389535f218cc596c7de74df4763803f7b63eb09d77e92b3956b36c6",
                "sha256:eee1169f0ca667be05db3351a0960765620dad53f53434262ff8901b68a1b622"
            ],
            "index": "pypi",
            "version": "==19.7.1"
        },
        "html5lib": {
            "hashes": [
                "sha256:b8934484cf22f1db684c0fae27569a0db404d0208d20163fbf51cc537245d008",
                "sha256:ee747c0ffd3028d2722061936b5c65ee4fe13c8e4613519b4447123fc4546298"
            ],
            "index": "pypi",
            "version": "==0.999999999"
        },
        "idna": {
            "hashes": [
                "sha256:3cb5ce08046c4e3a560fc02f138d0ac63e00f8ce5901a56b32ec8b7994082aab",
                "sha256:cc19709fd6d0cbfed39ea875d29ba6d4e22c0cebc510a76d6302a28385e8bb70"
            ],
            "index": "pypi",
            "version": "==2.5"
        },
        "olefile": {
            "hashes": [
                "sha256:61f2ca0cd0aa77279eb943c07f607438edf374096b66332fae1ee64a6f0f73ad"
            ],
            "index": "pypi",
            "version": "==0.44"
        },
        "pillow": {
            "hashes": [
                "sha256:00fdeb23820f30e43bba78eb9abb00b7a937a655de7760b2e09101d63708b64e",
                "sha256:01f948e8220c85eae1aa1a7f8edddcec193918f933fb07aaebe0bfbbcffefbf1",
                "sha256:08abf39948d4b5017a137be58f1a52b7101700431f0777bec3d897c3949f74e6",
                "sha256:099a61618b145ecb50c6f279666bbc398e189b8bc97544ae32b8fcb49ad6b830",
                "sha256:2c1c61546e73de62747e65807d2cc4980c395d4c5600ecb1f47a650c6fa78c79",
                "sha256:2ed9c4f694861642401f27dc3cb99772be67cd190e84845c749dae0a06c3bfae",
                "sha256:338581b30b908e111be578f0297255f6b57a51358cd16fa0e6f664c9a1f88bff",
                "sha256:38c7d48a21cd06fdeee93987147b9b1c55b73b4cfcbf83240568bfbd5adee447",
                "sha256:43fd026f613c8e48a25eba1a92f4d2ad7f3903c95d8c33a11611a7717d2ab654",
                "sha256:4548236844327a718ce3bb182ab32a16fa2050c61e334e959f554cac052fb0df",
                "sha256:5090857876c58885cfa388dc649e5db30aae98a068c26f3fd0ac9d7d9a4d9572",
                "sha256:5bbba34f97a26a93f5e8dec469ca4ddd712451418add43da946dbaed7f7a98d2",
                "sha256:65a28969a025a0eb4594637b6103201dc4ed2a9508bdab56ac33e43e3081c404",
                "sha256:892bb52b70bd5ea9dbbc3ac44f38e84f5a04e9d8b1bff48159d96cb795b81159",
                "sha256:8a9becd5cbd5062f973bcd2e7bc79483af310222de112b6541f8af1f93a3cc42",
                "sha256:972a7aaeb7c4a2795b52eef52ee991ef040b31009f36deca6207a986607b55f3",
                "sha256:97b119c436bfa96a92ac2ca525f7025836d4d4e64b1c9f9eff8dbaf3ff1d86f3",
                "sha256:9ba37698e242223f8053cc158f130aee046a96feacbeab65893dbe94f5530118",
                "sha256:b1b0e1f626a0f079c0d3696db70132fb1f29aa87c66aecb6501a9b8be64ce9f7",
                "sha256:c14c1224fd1a5be2733530d648a316974dbbb3c946913562c6005a76f21ca042",
                "sha256:c79a8546c48ae6465189e54e3245a97ddf21161e33ff7eaa42787353417bb2b6",
                "sha256:ceb76935ac4ebdf6d7bc845482a4450b284c6ccfb281e34da51d510658ab34d8",
                "sha256:e22bffaad04b4d16e1c091baed7f2733fc1ebb91e0c602abf1b6834d17158b1f",
                "sha256:ec883b8e44d877bda6f94a36313a1c6063f8b1997aa091628ae2f34c7f97c8d5",
                "sha256:f1baa54d50ec031d1a9beb89974108f8f2c0706f49798f4777df879df0e1adb6",
                "sha256:f53a5385932cda1e2c862d89460992911a89768c65d176ff8c50cddca4d29bed"
            ],
            "index": "pypi",
            "version": "==6.2.0"
        },
        "pip-tools": {
            "hashes": [
                "sha256:0706feb27263a2dade6d39cc508e718282bd08f455d0643f251659f905be4d56",
                "sha256:8d2b378e514ab6132b7f3215834c13eb5434645d0afacce37bfa1d0451faa015"
            ],
            "index": "pypi",
            "version": "==1.9.0"
        },
        "psycopg2": {
            "hashes": [
                "sha256:0147e990cef0332e239de711f165b2a5e6feb7c5f8583985d4a3dcac1680a782",
                "sha256:0c68fb507415ce022402244cffe740018c9506367fe2d6323f0b47e2544b6b36",
                "sha256:18c2294c2a0a0df6bb5adfbcae50922b0e75909df8642c9286bf6b867866d181",
                "sha256:26551d8873130b9558628c5f0288bd07b00c3f82f7dbfe0acf3cd7cd45746672",
                "sha256:2a9c4bc78922be9d34a11fc38b75bef122d44f465eaf5f2a44021f7cbda3dfd6",
                "sha256:304304e8efce4077621f9a14cb7e53cdacb4a14ec92f5628204bc4254d4840fb",
                "sha256:32184c60b445ac9eb4a0058d54f7a5dddae6928f94dfa3683157dc5e70321212",
                "sha256:34b7e41d1747b26df3baf5397949cc938261c547f3bce208ffc7826c3897d5ac",
                "sha256:38ff8f65deb947a7499f24ceb5b40db24540027fdf7d927f4d2aab35fbbdd6b0",
                "sha256:3a11a757e61e3eb5dfa334cf0ce86f9fa1919efadbb98af833eaf3bcb90d7e58",
                "sha256:3f64897312a08928e71343fedc2a3812a1c46f03025fe327e5d41e0a7be53ee9",
                "sha256:4004e84c2846badfa1e14ba3cf5b9d7471071c872c1dd6290013c89fa2cc63b1",
                "sha256:4cae3856e9b41a4861ad32fd8a4aabc7669a0b828776bb3ce0ca29333dabf40c",
                "sha256:6b26f9ec7a0c5ca1b3528918caeb3c73bfceaced3fdea59d045c886cc2c43344",
                "sha256:74ee532d6068a1456d5eda254513656c716cdee0a7389c91c094c7ce3500a9c9",
                "sha256:86c9355f5374b008c8479bc00023b295c07d508f7c3b91dbd2e74f8925b1d9c6",
                "sha256:8f57535a377c23a78d5a8bbe929ec6977adb3e137fa42500436c784c60141613",
                "sha256:905764e8d1557e536c9fac35d412a21ad87b558e794104437bf4012a83438ed2",
                "sha256:911af115bb526b3a5d2f50e05096afc05e3867f55f24532b4a70811e63deab57",
                "sha256:9c9fe11f87c44e83620b2273f40338e3c25fdbfd34986dddc77e840e0acd25bc",
                "sha256:9f9de8b5e1b0b648bf4535b721a58eaccf92f747cd8d94380171a36f18553601",
                "sha256:a14bd664f4db452612688e8031fdf74da489cb042d78d49f2bbfcfa97aae135d",
                "sha256:ad0e145952e2e91aa1d80c4b9bd8ba9059f39b3538da7b1133b2ed84eb132ed3",
                "sha256:b4f24faa25232073092d246fc6118c29130c8a5bcc8fd4239edeba20fb12b24a",
                "sha256:ba6f4786262b4999f9cca420827469c88a79e1f65dabf6bb8a300518f7e11472",
                "sha256:bf48be2d01f6e34e5fbd8976f7b66158a83a33b92739acd13fc1934c60b71cfb",
                "sha256:ccd55766033411206d700bcd11e064081f784f256c4d4f6883dca4c3bde21ae2",
                "sha256:d2e98ff1546c632c29f740a938ba6e29d327ef55f3e816dd43c1e4e7d8cd369a",
                "sha256:f04d56f664108af9571d278c0ed942ecef0dd3e072fe21ac8c7497a51bfcdfba",
                "sha256:f1f6d1b0ab40e8d43e294c7a1cc6fe6d47a88225583e581c15e8bfcff04b3863",
                "sha256:f4cc27830081147ebca6eb729329c64b7f8e92e415733aa26705dd9f03303038"
            ],
            "index": "pypi",
            "version": "==2.7.1"
        },
        "python-dateutil": {
            "hashes": [
                "sha256:891c38b2a02f5bb1be3e4793866c8df49c7d19baabf9c1bad62547e0b4866aca",
                "sha256:95511bae634d69bc7329ba55e646499a842bc4ec342ad54a8cdb65645a0aad3c"
            ],
            "index": "pypi",
            "version": "==2.6.1"
        },
        "pytz": {
            "hashes": [
                "sha256:d1d6729c85acea5423671382868627129432fba9a89ecbb248d8d1c7a9f01c67",
                "sha256:f5c056e8f62d45ba8215e5cb8f50dfccb198b4b9fbea8500674f3443e4689589"
            ],
            "index": "pypi",
            "version": "==2017.2"
        },
        "requests": {
            "hashes": [
                "sha256:6afd3371c1f4c1970497cdcace5c5ecbbe58267bf05ca1abd93d99d170803ab7",
                "sha256:c6f3bdf4a4323ac7b45d01e04a6f6c20e32a052cd04de81e05103abc049ad9b9"
            ],
            "index": "pypi",
            "version": "==2.18.1"
        },
        "six": {
            "hashes": [
                "sha256:3350809f0555b11f552448330d0b52d5f24c91a322ea4a15ef22629740f3761c",
                "sha256:d16a0141ec1a18405cd4ce8b4613101da75da0e9a7aec5bdd4fa804d0e0eba73"
            ],
            "version": "==1.12.0"
        },
        "unidecode": {
            "hashes": [
                "sha256:280a6ab88e1f2eb5af79edff450021a0d3f0448952847cd79677e55e58bad051",
                "sha256:61f807220eda0203a774a09f84b4304a3f93b5944110cc132af29ddb81366883"
            ],
            "index": "pypi",
            "version": "==0.4.21"
        },
        "unittest-xml-reporting": {
            "hashes": [
                "sha256:28ff367b13073e307ded09deb5351ec4037724c1fd28c9c351f4094723ae27c9",
                "sha256:9a6d3474bb86331152a798cf6d6d28c3ccee2a09c31ccbe30dbb061bf38ce60b"
            ],
            "index": "pypi",
            "version": "==2.1.0"
        },
        "urllib3": {
            "hashes": [
                "sha256:8ed6d5c1ff9d6ba84677310060d6a3a78ca3072ce0684cb3c645023009c114b1",
                "sha256:b14486978518ca0901a76ba973d7821047409d7f726f22156b24e83fd71382a5"
            ],
            "index": "pypi",
            "version": "==1.21.1"
        },
        "wagtail": {
            "hashes": [
                "sha256:6778057c0a3adb498bdbe37454de523953280e0eef28dd78c3516e7ab39ebb0d",
                "sha256:ecd266f54b830d043f795504fba6dc05a0c88bb8cd5555001ff530a2ac45035f"
            ],
            "index": "pypi",
            "version": "==1.12"
        },
        "wagtail-factories": {
            "hashes": [
                "sha256:903149c28ed40bd18b13fba1b364c9aff23004fc98ed4c26531fbeb927ec866c",
                "sha256:ecc9a31aeece1e9875b61a5249d009187f5d16355ebb5a3fca718df85e7392ef"
            ],
            "index": "pypi",
            "version": "==0.3.0"
        },
        "wagtail-metadata": {
            "hashes": [
                "sha256:49d14ebdb5f950bf9f03d9898e9482bb9d1186ffbc82ae1d7a51dced8b786a8a",
                "sha256:5e5296d8892ffcdf8e125d941197954df99711f6685b8a0784d71f282b832453"
            ],
            "index": "pypi",
            "version": "==0.3.1"
        },
        "webencodings": {
            "hashes": [
                "sha256:a0af1213f3c2226497a97e2b3aa01a7e4bee4f403f95be16fc9acd2947514a78",
                "sha256:b36a1c245f2d304965eb4e0a82848379241dc04b865afcc4aab16748587e1923"
            ],
            "index": "pypi",
            "version": "==0.5.1"
        },
        "willow": {
            "hashes": [
                "sha256:48f0903ff1110e67a3a167811d229cd7998acb85b6343d3271166d0af1f5d028",
                "sha256:b86334bc1939bf6b3c33bbfe141d61600ed4e6880ac86408431400cd7cc7ba3f"
            ],
            "index": "pypi",
            "version": "==0.4"
        }
    },
    "develop": {
        "django": {
            "hashes": [
                "sha256:9ef9de0a957245ed3a29c4162ed2fd493252ca249a755f9e2b4a9be82caf8f6b",
                "sha256:c69e0c0416f2376b677830304d4c5fa8793b9c815af77be659a3c50d1f46c2e6"
            ],
            "index": "pypi",
            "version": "==1.11.3"
        },
        "django-debug-toolbar": {
            "hashes": [
                "sha256:4af2a4e1e932dadbda197b18585962d4fc20172b4e5a479490bc659fe998864d",
                "sha256:d9ea75659f76d8f1e3eb8f390b47fc5bad0908d949c34a8a3c4c87978eb40a0f"
            ],
            "index": "pypi",
            "version": "==1.9.1"
        },
        "pytz": {
            "hashes": [
                "sha256:d1d6729c85acea5423671382868627129432fba9a89ecbb248d8d1c7a9f01c67",
                "sha256:f5c056e8f62d45ba8215e5cb8f50dfccb198b4b9fbea8500674f3443e4689589"
            ],
            "index": "pypi",
            "version": "==2017.2"
        },
        "sqlparse": {
            "hashes": [
                "sha256:40afe6b8d4b1117e7dff5504d7a8ce07d9a1b15aeeade8a2d10f130a834f8177",
                "sha256:7c3dca29c022744e95b547e867cee89f4fce4373f3549ccd8797d8eb52cdb873"
            ],
            "version": "==0.3.0"
        }
    }
}
